
Microsoft Visual Studio Solution File, Format Version 10.00
# Visual Studio 2008
Project("{FAE04EC0-301F-11D3-BF4B-00C04F79EFBC}") = "SAMLibrary", "SAMLibrary\SAMLibrary.csproj", "{2CB07F21-0EB1-40E7-9553-95C8FD0E0D49}"
EndProject
Project("{FAE04EC0-301F-11D3-BF4B-00C04F79EFBC}") = "SAMDebugger", "SAMDebugger\SAMDebugger.csproj", "{9AD0EBD8-454B-4E30-96FF-0F1B4D2AA784}"
EndProject
Global
	GlobalSection(SolutionConfigurationPlatforms) = preSolution
		Debug|Any CPU = Debug|Any CPU
		Release|Any CPU = Release|Any CPU
	EndGlobalSection
	GlobalSection(ProjectConfigurationPlatforms) = postSolution
		{2CB07F21-0EB1-40E7-9553-95C8FD0E0D49}.Debug|Any CPU.ActiveCfg = Debug|Any CPU
		{2CB07F21-0EB1-40E7-9553-95C8FD0E0D49}.Debug|Any CPU.Build.0 = Debug|Any CPU
		{2CB07F21-0EB1-40E7-9553-95C8FD0E0D49}.Release|Any CPU.ActiveCfg = Release|Any CPU
		{2CB07F21-0EB1-40E7-9553-95C8FD0E0D49}.Release|Any CPU.Build.0 = Release|Any CPU
		{9AD0EBD8-454B-4E30-96FF-0F1B4D2AA784}.Debug|Any CPU.ActiveCfg = Debug|Any CPU
		{9AD0EBD8-454B-4E30-96FF-0F1B4D2AA784}.Debug|Any CPU.Build.0 = Debug|Any CPU
		{9AD0EBD8-454B-4E30-96FF-0F1B4D2AA784}.Release|Any CPU.ActiveCfg = Release|Any CPU
		{9AD0EBD8-454B-4E30-96FF-0F1B4D2AA784}.Release|Any CPU.Build.0 = Release|Any CPU
	EndGlobalSection
	GlobalSection(SolutionProperties) = preSolution
		HideSolutionNode = FALSE
	EndGlobalSection
EndGlobal
